{
  "version": 4,
  "terraform_version": "1.13.1",
  "serial": 57,
  "lineage": "cb0755ea-4cdd-8f25-8a83-fb2483c23415",
  "outputs": {
    "public_ip_address": {
      "value": "4.246.212.102",
      "type": "string"
    },
    "resource_group_name": {
      "value": "vipin_devops_resource_group",
      "type": "string"
    },
    "subnet_names": {
      "value": [
        "vipin_virtual_subnet-1",
        "vipin_virtual_subnet-2",
        "vipin_virtual_subnet-3",
        "vipin_virtual_subnet-4"
      ],
      "type": [
        "tuple",
        [
          "string",
          "string",
          "string",
          "string"
        ]
      ]
    },
    "virtual_machine_name": {
      "value": [
        "vipin-vm-devops"
      ],
      "type": [
        "tuple",
        [
          "string"
        ]
      ]
    },
    "virtual_network_name": {
      "value": "vipin_virtual_network",
      "type": "string"
    }
  },
  "resources": [
    {
      "mode": "managed",
      "type": "azurerm_linux_virtual_machine",
      "name": "vipin_vm",
      "provider": "provider[\"registry.terraform.io/hashicorp/azurerm\"]",
      "instances": [
        {
          "index_key": 0,
          "schema_version": 0,
          "attributes": {
            "additional_capabilities": [],
            "admin_password": "Docker@12345",
            "admin_ssh_key": [],
            "admin_username": "docker",
            "allow_extension_operations": true,
            "availability_set_id": "",
            "boot_diagnostics": [],
            "bypass_platform_safety_checks_on_user_schedule_enabled": false,
            "capacity_reservation_group_id": "",
            "computer_name": "vipin-vm-devops",
            "custom_data": null,
            "dedicated_host_group_id": "",
            "dedicated_host_id": "",
            "disable_password_authentication": false,
            "disk_controller_type": "",
            "edge_zone": "",
            "encryption_at_host_enabled": false,
            "eviction_policy": "",
            "extensions_time_budget": "PT1H30M",
            "gallery_application": [],
            "id": "/subscriptions/b54b4eeb-e9a6-4f46-b1c1-6f4691cb9b72/resourceGroups/vipin_devops_resource_group/providers/Microsoft.Compute/virtualMachines/vipin-vm-devops",
            "identity": [],
            "license_type": "",
            "location": "eastus",
            "max_bid_price": -1,
            "name": "vipin-vm-devops",
            "network_interface_ids": [
              "/subscriptions/b54b4eeb-e9a6-4f46-b1c1-6f4691cb9b72/resourceGroups/vipin_devops_resource_group/providers/Microsoft.Network/networkInterfaces/vipin-nic-public"
            ],
            "os_disk": [
              {
                "caching": "ReadWrite",
                "diff_disk_settings": [],
                "disk_encryption_set_id": "",
                "disk_size_gb": 30,
                "id": "/subscriptions/b54b4eeb-e9a6-4f46-b1c1-6f4691cb9b72/resourceGroups/vipin_devops_resource_group/providers/Microsoft.Compute/disks/vipin-osdisk",
                "name": "vipin-osdisk",
                "secure_vm_disk_encryption_set_id": "",
                "security_encryption_type": "",
                "storage_account_type": "Standard_LRS",
                "write_accelerator_enabled": false
              }
            ],
            "os_image_notification": [],
            "os_managed_disk_id": "/subscriptions/b54b4eeb-e9a6-4f46-b1c1-6f4691cb9b72/resourceGroups/vipin_devops_resource_group/providers/Microsoft.Compute/disks/vipin-osdisk",
            "patch_assessment_mode": "ImageDefault",
            "patch_mode": "ImageDefault",
            "plan": [],
            "platform_fault_domain": -1,
            "priority": "Regular",
            "private_ip_address": "172.25.0.4",
            "private_ip_addresses": [
              "172.25.0.4"
            ],
            "provision_vm_agent": true,
            "proximity_placement_group_id": "",
            "public_ip_address": "4.246.212.102",
            "public_ip_addresses": [
              "4.246.212.102"
            ],
            "reboot_setting": "",
            "resource_group_name": "vipin_devops_resource_group",
            "secret": [],
            "secure_boot_enabled": false,
            "size": "Standard_B1s",
            "source_image_id": "",
            "source_image_reference": [
              {
                "offer": "UbuntuServer",
                "publisher": "Canonical",
                "sku": "18.04-LTS",
                "version": "latest"
              }
            ],
            "tags": null,
            "termination_notification": null,
            "timeouts": null,
            "user_data": "",
            "virtual_machine_id": "8b0db80f-9732-4167-a40a-806ee3197fcc",
            "virtual_machine_scale_set_id": "",
            "vm_agent_platform_updates_enabled": false,
            "vtpm_enabled": false,
            "zone": ""
          },
          "sensitive_attributes": [
            [
              {
                "type": "get_attr",
                "value": "admin_password"
              }
            ],
            [
              {
                "type": "get_attr",
                "value": "custom_data"
              }
            ]
          ],
          "identity_schema_version": 0,
          "private": "eyJlMmJmYjczMC1lY2FhLTExZTYtOGY4OC0zNDM2M2JjN2M0YzAiOnsiY3JlYXRlIjoyNzAwMDAwMDAwMDAwLCJkZWxldGUiOjI3MDAwMDAwMDAwMDAsInJlYWQiOjMwMDAwMDAwMDAwMCwidXBkYXRlIjoyNzAwMDAwMDAwMDAwfX0=",
          "dependencies": [
            "azurerm_network_interface.vipin_nic_with_public_ip",
            "azurerm_public_ip.vipin_public_ip",
            "azurerm_subnet.vipin_subnet"
          ]
        }
      ]
    },
    {
      "mode": "managed",
      "type": "azurerm_network_interface",
      "name": "vipin_nic_with_public_ip",
      "provider": "provider[\"registry.terraform.io/hashicorp/azurerm\"]",
      "instances": [
        {
          "schema_version": 0,
          "attributes": {
            "accelerated_networking_enabled": false,
            "applied_dns_servers": [],
            "auxiliary_mode": "",
            "auxiliary_sku": "",
            "dns_servers": null,
            "edge_zone": "",
            "id": "/subscriptions/b54b4eeb-e9a6-4f46-b1c1-6f4691cb9b72/resourceGroups/vipin_devops_resource_group/providers/Microsoft.Network/networkInterfaces/vipin-nic-public",
            "internal_dns_name_label": "",
            "internal_domain_name_suffix": "1zrd4w0d3wde5ilvbnvybzmb4d.bx.internal.cloudapp.net",
            "ip_configuration": [
              {
                "gateway_load_balancer_frontend_ip_configuration_id": "",
                "name": "internal",
                "primary": true,
                "private_ip_address": "172.25.0.4",
                "private_ip_address_allocation": "Dynamic",
                "private_ip_address_version": "IPv4",
                "public_ip_address_id": "/subscriptions/b54b4eeb-e9a6-4f46-b1c1-6f4691cb9b72/resourceGroups/vipin_devops_resource_group/providers/Microsoft.Network/publicIPAddresses/vipin-public-ip",
                "subnet_id": "/subscriptions/b54b4eeb-e9a6-4f46-b1c1-6f4691cb9b72/resourceGroups/vipin_devops_resource_group/providers/Microsoft.Network/virtualNetworks/vipin_virtual_network/subnets/vipin_virtual_subnet-1"
              }
            ],
            "ip_forwarding_enabled": false,
            "location": "eastus",
            "mac_address": "",
            "name": "vipin-nic-public",
            "private_ip_address": "172.25.0.4",
            "private_ip_addresses": [
              "172.25.0.4"
            ],
            "resource_group_name": "vipin_devops_resource_group",
            "tags": null,
            "timeouts": null,
            "virtual_machine_id": ""
          },
          "sensitive_attributes": [],
          "identity_schema_version": 0,
          "identity": {
            "name": "vipin-nic-public",
            "resource_group_name": "vipin_devops_resource_group",
            "subscription_id": "b54b4eeb-e9a6-4f46-b1c1-6f4691cb9b72"
          },
          "private": "eyJlMmJmYjczMC1lY2FhLTExZTYtOGY4OC0zNDM2M2JjN2M0YzAiOnsiY3JlYXRlIjoxODAwMDAwMDAwMDAwLCJkZWxldGUiOjE4MDAwMDAwMDAwMDAsInJlYWQiOjMwMDAwMDAwMDAwMCwidXBkYXRlIjoxODAwMDAwMDAwMDAwfX0=",
          "dependencies": [
            "azurerm_public_ip.vipin_public_ip",
            "azurerm_subnet.vipin_subnet"
          ]
        }
      ]
    },
    {
      "mode": "managed",
      "type": "azurerm_network_interface_security_group_association",
      "name": "vipin_nic_nsg_assoc",
      "provider": "provider[\"registry.terraform.io/hashicorp/azurerm\"]",
      "instances": [
        {
          "schema_version": 0,
          "attributes": {
            "id": "/subscriptions/b54b4eeb-e9a6-4f46-b1c1-6f4691cb9b72/resourceGroups/vipin_devops_resource_group/providers/Microsoft.Network/networkInterfaces/vipin-nic-public|/subscriptions/b54b4eeb-e9a6-4f46-b1c1-6f4691cb9b72/resourceGroups/vipin_devops_resource_group/providers/Microsoft.Network/networkSecurityGroups/vipin-nsg",
            "network_interface_id": "/subscriptions/b54b4eeb-e9a6-4f46-b1c1-6f4691cb9b72/resourceGroups/vipin_devops_resource_group/providers/Microsoft.Network/networkInterfaces/vipin-nic-public",
            "network_security_group_id": "/subscriptions/b54b4eeb-e9a6-4f46-b1c1-6f4691cb9b72/resourceGroups/vipin_devops_resource_group/providers/Microsoft.Network/networkSecurityGroups/vipin-nsg",
            "timeouts": null
          },
          "sensitive_attributes": [],
          "identity_schema_version": 0,
          "private": "eyJlMmJmYjczMC1lY2FhLTExZTYtOGY4OC0zNDM2M2JjN2M0YzAiOnsiY3JlYXRlIjoxODAwMDAwMDAwMDAwLCJkZWxldGUiOjE4MDAwMDAwMDAwMDAsInJlYWQiOjMwMDAwMDAwMDAwMH19",
          "dependencies": [
            "azurerm_network_interface.vipin_nic_with_public_ip",
            "azurerm_network_security_group.vipin_nsg",
            "azurerm_public_ip.vipin_public_ip",
            "azurerm_subnet.vipin_subnet"
          ]
        }
      ]
    },
    {
      "mode": "managed",
      "type": "azurerm_network_security_group",
      "name": "vipin_nsg",
      "provider": "provider[\"registry.terraform.io/hashicorp/azurerm\"]",
      "instances": [
        {
          "schema_version": 0,
          "attributes": {
            "id": "/subscriptions/b54b4eeb-e9a6-4f46-b1c1-6f4691cb9b72/resourceGroups/vipin_devops_resource_group/providers/Microsoft.Network/networkSecurityGroups/vipin-nsg",
            "location": "eastus",
            "name": "vipin-nsg",
            "resource_group_name": "vipin_devops_resource_group",
            "security_rule": [
              {
                "access": "Allow",
                "description": "",
                "destination_address_prefix": "*",
                "destination_address_prefixes": [],
                "destination_application_security_group_ids": [],
                "destination_port_range": "22",
                "destination_port_ranges": [],
                "direction": "Inbound",
                "name": "SSH",
                "priority": 1001,
                "protocol": "Tcp",
                "source_address_prefix": "*",
                "source_address_prefixes": [],
                "source_application_security_group_ids": [],
                "source_port_range": "*",
                "source_port_ranges": []
              }
            ],
            "tags": null,
            "timeouts": null
          },
          "sensitive_attributes": [],
          "identity_schema_version": 0,
          "identity": {
            "name": "vipin-nsg",
            "resource_group_name": "vipin_devops_resource_group",
            "subscription_id": "b54b4eeb-e9a6-4f46-b1c1-6f4691cb9b72"
          },
          "private": "eyJlMmJmYjczMC1lY2FhLTExZTYtOGY4OC0zNDM2M2JjN2M0YzAiOnsiY3JlYXRlIjoxODAwMDAwMDAwMDAwLCJkZWxldGUiOjE4MDAwMDAwMDAwMDAsInJlYWQiOjMwMDAwMDAwMDAwMCwidXBkYXRlIjoxODAwMDAwMDAwMDAwfX0="
        }
      ]
    },
    {
      "mode": "managed",
      "type": "azurerm_public_ip",
      "name": "vipin_public_ip",
      "provider": "provider[\"registry.terraform.io/hashicorp/azurerm\"]",
      "instances": [
        {
          "schema_version": 0,
          "attributes": {
            "allocation_method": "Static",
            "ddos_protection_mode": "VirtualNetworkInherited",
            "ddos_protection_plan_id": null,
            "domain_name_label": null,
            "domain_name_label_scope": null,
            "edge_zone": "",
            "fqdn": null,
            "id": "/subscriptions/b54b4eeb-e9a6-4f46-b1c1-6f4691cb9b72/resourceGroups/vipin_devops_resource_group/providers/Microsoft.Network/publicIPAddresses/vipin-public-ip",
            "idle_timeout_in_minutes": 4,
            "ip_address": "4.246.212.102",
            "ip_tags": null,
            "ip_version": "IPv4",
            "location": "eastus",
            "name": "vipin-public-ip",
            "public_ip_prefix_id": null,
            "resource_group_name": "vipin_devops_resource_group",
            "reverse_fqdn": null,
            "sku": "Standard",
            "sku_tier": "Regional",
            "tags": null,
            "timeouts": null,
            "zones": null
          },
          "sensitive_attributes": [],
          "identity_schema_version": 0,
          "private": "eyJlMmJmYjczMC1lY2FhLTExZTYtOGY4OC0zNDM2M2JjN2M0YzAiOnsiY3JlYXRlIjoxODAwMDAwMDAwMDAwLCJkZWxldGUiOjE4MDAwMDAwMDAwMDAsInJlYWQiOjMwMDAwMDAwMDAwMCwidXBkYXRlIjoxODAwMDAwMDAwMDAwfX0="
        }
      ]
    },
    {
      "mode": "managed",
      "type": "azurerm_resource_group",
      "name": "vipin_resource_group",
      "provider": "provider[\"registry.terraform.io/hashicorp/azurerm\"]",
      "instances": [
        {
          "schema_version": 0,
          "attributes": {
            "id": "/subscriptions/b54b4eeb-e9a6-4f46-b1c1-6f4691cb9b72/resourceGroups/vipin_devops_resource_group",
            "location": "eastus",
            "managed_by": "",
            "name": "vipin_devops_resource_group",
            "tags": {},
            "timeouts": null
          },
          "sensitive_attributes": [],
          "identity_schema_version": 0,
          "private": "eyJlMmJmYjczMC1lY2FhLTExZTYtOGY4OC0zNDM2M2JjN2M0YzAiOnsiY3JlYXRlIjo1NDAwMDAwMDAwMDAwLCJkZWxldGUiOjU0MDAwMDAwMDAwMDAsInJlYWQiOjMwMDAwMDAwMDAwMCwidXBkYXRlIjo1NDAwMDAwMDAwMDAwfX0="
        }
      ]
    },
    {
      "mode": "managed",
      "type": "azurerm_subnet",
      "name": "vipin_subnet",
      "provider": "provider[\"registry.terraform.io/hashicorp/azurerm\"]",
      "instances": [
        {
          "index_key": 0,
          "schema_version": 0,
          "attributes": {
            "address_prefixes": [
              "172.25.0.0/24"
            ],
            "default_outbound_access_enabled": true,
            "delegation": [],
            "id": "/subscriptions/b54b4eeb-e9a6-4f46-b1c1-6f4691cb9b72/resourceGroups/vipin_devops_resource_group/providers/Microsoft.Network/virtualNetworks/vipin_virtual_network/subnets/vipin_virtual_subnet-1",
            "ip_address_pool": [],
            "name": "vipin_virtual_subnet-1",
            "private_endpoint_network_policies": "Disabled",
            "private_link_service_network_policies_enabled": true,
            "resource_group_name": "vipin_devops_resource_group",
            "service_endpoint_policy_ids": null,
            "service_endpoints": null,
            "timeouts": null,
            "virtual_network_name": "vipin_virtual_network"
          },
          "sensitive_attributes": [],
          "identity_schema_version": 0,
          "identity": {
            "name": "vipin_virtual_subnet-1",
            "resource_group_name": "vipin_devops_resource_group",
            "subscription_id": "b54b4eeb-e9a6-4f46-b1c1-6f4691cb9b72",
            "virtual_network_name": "vipin_virtual_network"
          },
          "private": "eyJlMmJmYjczMC1lY2FhLTExZTYtOGY4OC0zNDM2M2JjN2M0YzAiOnsiY3JlYXRlIjoxODAwMDAwMDAwMDAwLCJkZWxldGUiOjE4MDAwMDAwMDAwMDAsInJlYWQiOjMwMDAwMDAwMDAwMCwidXBkYXRlIjoxODAwMDAwMDAwMDAwfX0="
        },
        {
          "index_key": 1,
          "schema_version": 0,
          "attributes": {
            "address_prefixes": [
              "172.25.1.0/24"
            ],
            "default_outbound_access_enabled": true,
            "delegation": [],
            "id": "/subscriptions/b54b4eeb-e9a6-4f46-b1c1-6f4691cb9b72/resourceGroups/vipin_devops_resource_group/providers/Microsoft.Network/virtualNetworks/vipin_virtual_network/subnets/vipin_virtual_subnet-2",
            "ip_address_pool": [],
            "name": "vipin_virtual_subnet-2",
            "private_endpoint_network_policies": "Disabled",
            "private_link_service_network_policies_enabled": true,
            "resource_group_name": "vipin_devops_resource_group",
            "service_endpoint_policy_ids": null,
            "service_endpoints": null,
            "timeouts": null,
            "virtual_network_name": "vipin_virtual_network"
          },
          "sensitive_attributes": [],
          "identity_schema_version": 0,
          "identity": {
            "name": "vipin_virtual_subnet-2",
            "resource_group_name": "vipin_devops_resource_group",
            "subscription_id": "b54b4eeb-e9a6-4f46-b1c1-6f4691cb9b72",
            "virtual_network_name": "vipin_virtual_network"
          },
          "private": "eyJlMmJmYjczMC1lY2FhLTExZTYtOGY4OC0zNDM2M2JjN2M0YzAiOnsiY3JlYXRlIjoxODAwMDAwMDAwMDAwLCJkZWxldGUiOjE4MDAwMDAwMDAwMDAsInJlYWQiOjMwMDAwMDAwMDAwMCwidXBkYXRlIjoxODAwMDAwMDAwMDAwfX0="
        },
        {
          "index_key": 2,
          "schema_version": 0,
          "attributes": {
            "address_prefixes": [
              "172.25.2.0/24"
            ],
            "default_outbound_access_enabled": true,
            "delegation": [],
            "id": "/subscriptions/b54b4eeb-e9a6-4f46-b1c1-6f4691cb9b72/resourceGroups/vipin_devops_resource_group/providers/Microsoft.Network/virtualNetworks/vipin_virtual_network/subnets/vipin_virtual_subnet-3",
            "ip_address_pool": [],
            "name": "vipin_virtual_subnet-3",
            "private_endpoint_network_policies": "Disabled",
            "private_link_service_network_policies_enabled": true,
            "resource_group_name": "vipin_devops_resource_group",
            "service_endpoint_policy_ids": null,
            "service_endpoints": null,
            "timeouts": null,
            "virtual_network_name": "vipin_virtual_network"
          },
          "sensitive_attributes": [],
          "identity_schema_version": 0,
          "identity": {
            "name": "vipin_virtual_subnet-3",
            "resource_group_name": "vipin_devops_resource_group",
            "subscription_id": "b54b4eeb-e9a6-4f46-b1c1-6f4691cb9b72",
            "virtual_network_name": "vipin_virtual_network"
          },
          "private": "eyJlMmJmYjczMC1lY2FhLTExZTYtOGY4OC0zNDM2M2JjN2M0YzAiOnsiY3JlYXRlIjoxODAwMDAwMDAwMDAwLCJkZWxldGUiOjE4MDAwMDAwMDAwMDAsInJlYWQiOjMwMDAwMDAwMDAwMCwidXBkYXRlIjoxODAwMDAwMDAwMDAwfX0="
        },
        {
          "index_key": 3,
          "schema_version": 0,
          "attributes": {
            "address_prefixes": [
              "172.25.3.0/24"
            ],
            "default_outbound_access_enabled": true,
            "delegation": [],
            "id": "/subscriptions/b54b4eeb-e9a6-4f46-b1c1-6f4691cb9b72/resourceGroups/vipin_devops_resource_group/providers/Microsoft.Network/virtualNetworks/vipin_virtual_network/subnets/vipin_virtual_subnet-4",
            "ip_address_pool": [],
            "name": "vipin_virtual_subnet-4",
            "private_endpoint_network_policies": "Disabled",
            "private_link_service_network_policies_enabled": true,
            "resource_group_name": "vipin_devops_resource_group",
            "service_endpoint_policy_ids": null,
            "service_endpoints": null,
            "timeouts": null,
            "virtual_network_name": "vipin_virtual_network"
          },
          "sensitive_attributes": [],
          "identity_schema_version": 0,
          "identity": {
            "name": "vipin_virtual_subnet-4",
            "resource_group_name": "vipin_devops_resource_group",
            "subscription_id": "b54b4eeb-e9a6-4f46-b1c1-6f4691cb9b72",
            "virtual_network_name": "vipin_virtual_network"
          },
          "private": "eyJlMmJmYjczMC1lY2FhLTExZTYtOGY4OC0zNDM2M2JjN2M0YzAiOnsiY3JlYXRlIjoxODAwMDAwMDAwMDAwLCJkZWxldGUiOjE4MDAwMDAwMDAwMDAsInJlYWQiOjMwMDAwMDAwMDAwMCwidXBkYXRlIjoxODAwMDAwMDAwMDAwfX0="
        }
      ]
    },
    {
      "mode": "managed",
      "type": "azurerm_virtual_network",
      "name": "vipin_virtual_network",
      "provider": "provider[\"registry.terraform.io/hashicorp/azurerm\"]",
      "instances": [
        {
          "schema_version": 0,
          "attributes": {
            "address_space": [
              "172.25.0.0/16"
            ],
            "bgp_community": "",
            "ddos_protection_plan": [],
            "dns_servers": [],
            "edge_zone": "",
            "encryption": [],
            "flow_timeout_in_minutes": 0,
            "guid": "5b3f62de-ed43-4f86-a175-0b6b80e581f3",
            "id": "/subscriptions/b54b4eeb-e9a6-4f46-b1c1-6f4691cb9b72/resourceGroups/vipin_devops_resource_group/providers/Microsoft.Network/virtualNetworks/vipin_virtual_network",
            "ip_address_pool": [],
            "location": "eastus",
            "name": "vipin_virtual_network",
            "private_endpoint_vnet_policies": "Disabled",
            "resource_group_name": "vipin_devops_resource_group",
            "subnet": [],
            "tags": {},
            "timeouts": null
          },
          "sensitive_attributes": [],
          "identity_schema_version": 0,
          "identity": {
            "name": "vipin_virtual_network",
            "resource_group_name": "vipin_devops_resource_group",
            "subscription_id": "b54b4eeb-e9a6-4f46-b1c1-6f4691cb9b72"
          },
          "private": "eyJlMmJmYjczMC1lY2FhLTExZTYtOGY4OC0zNDM2M2JjN2M0YzAiOnsiY3JlYXRlIjoxODAwMDAwMDAwMDAwLCJkZWxldGUiOjE4MDAwMDAwMDAwMDAsInJlYWQiOjMwMDAwMDAwMDAwMCwidXBkYXRlIjoxODAwMDAwMDAwMDAwfX0="
        }
      ]
    }
  ],
  "check_results": null
}
